[[package]]
name = "numpy"
version = "1.22.2"
description = "NumPy is the fundamental package for array computing with Python."
category = "main"
optional = false
python-versions = ">=3.8"

[[package]]
name = "ply"
version = "3.11"
description = "Python Lex & Yacc"
category = "main"
optional = false
python-versions = "*"

[[package]]
name = "visitor"
version = "0.1.3"
description = "A tiny pythonic visitor implementation."
category = "main"
optional = false
python-versions = "*"

[metadata]
lock-version = "1.1"
python-versions = ">=3.8.0,<3.9"
content-hash = "625866c41d27488e25f837fd8a643e1578e5712bbcc4cb29781d0237abb88b72"

[metadata.files]
numpy = []
ply = []
visitor = [
    {file = "visitor-0.1.3.tar.gz", hash = "sha256:2c737903b2b6864ebc6167eef7cf3b997126f1aa94bdf590f90f1436d23e480a"},
]
